// !$*UTF8*$!
{
	archiveVersion = 1;
	classes = {
	};
	objectVersion = 55;
	objects = {

/* Begin PBXBuildFile section */
		1481542342CC14E69541C9FD /* Pods_MoveRX.framework in Frameworks */ = {isa = PBXBuildFile; fileRef = F79E0310F1E0E8290430F197 /* Pods_MoveRX.framework */; };
		22050DE627304B580040B29D /* MoveRx.swift in Sources */ = {isa = PBXBuildFile; fileRef = 22050DE527304B580040B29D /* MoveRx.swift */; };
		2273EEFE2730015E00B7111E /* Proxima Nova Bold.otf in Resources */ = {isa = PBXBuildFile; fileRef = 2273EEFD2730015E00B7111E /* Proxima Nova Bold.otf */; };
		2273EF002730017B00B7111E /* UIFont.swift in Sources */ = {isa = PBXBuildFile; fileRef = 2273EEFF2730017B00B7111E /* UIFont.swift */; };
		2273EF02273004F500B7111E /* UIColor.swift in Sources */ = {isa = PBXBuildFile; fileRef = 2273EF01273004F500B7111E /* UIColor.swift */; };
		229BD2FE272FF82D00CFDB0E /* UIImage.swift in Sources */ = {isa = PBXBuildFile; fileRef = 229BD2FD272FF82D00CFDB0E /* UIImage.swift */; };
		22F91CB4272EF4DD000924A8 /* AppDelegate.swift in Sources */ = {isa = PBXBuildFile; fileRef = 22F91CB3272EF4DD000924A8 /* AppDelegate.swift */; };
		22F91CB8272EF4DD000924A8 /* TabbarController.swift in Sources */ = {isa = PBXBuildFile; fileRef = 22F91CB7272EF4DD000924A8 /* TabbarController.swift */; };
		22F91CBB272EF4DD000924A8 /* Main.storyboard in Resources */ = {isa = PBXBuildFile; fileRef = 22F91CB9272EF4DD000924A8 /* Main.storyboard */; };
		22F91CBD272EF4E1000924A8 /* Assets.xcassets in Resources */ = {isa = PBXBuildFile; fileRef = 22F91CBC272EF4E1000924A8 /* Assets.xcassets */; };
		22F91CC0272EF4E1000924A8 /* LaunchScreen.storyboard in Resources */ = {isa = PBXBuildFile; fileRef = 22F91CBE272EF4E1000924A8 /* LaunchScreen.storyboard */; };
/* End PBXBuildFile section */

/* Begin PBXFileReference section */
		22050DE527304B580040B29D /* MoveRx.swift */ = {isa = PBXFileReference; lastKnownFileType = sourcecode.swift; path = MoveRx.swift; sourceTree = "<group>"; };
		2273EEFD2730015E00B7111E /* Proxima Nova Bold.otf */ = {isa = PBXFileReference; lastKnownFileType = file; path = "Proxima Nova Bold.otf"; sourceTree = "<group>"; };
		2273EEFF2730017B00B7111E /* UIFont.swift */ = {isa = PBXFileReference; lastKnownFileType = sourcecode.swift; path = UIFont.swift; sourceTree = "<group>"; };
		2273EF01273004F500B7111E /* UIColor.swift */ = {isa = PBXFileReference; lastKnownFileType = sourcecode.swift; path = UIColor.swift; sourceTree = "<group>"; };
		229BD2FD272FF82D00CFDB0E /* UIImage.swift */ = {isa = PBXFileReference; lastKnownFileType = sourcecode.swift; path = UIImage.swift; sourceTree = "<group>"; };
		22BA9FBF2730387C007C7007 /* MoveRx.podspec */ = {isa = PBXFileReference; lastKnownFileType = text; path = MoveRx.podspec; sourceTree = "<group>"; };
		22F91CB0272EF4DD000924A8 /* MoveRX.app */ = {isa = PBXFileReference; explicitFileType = wrapper.application; includeInIndex = 0; path = MoveRX.app; sourceTree = BUILT_PRODUCTS_DIR; };
		22F91CB3272EF4DD000924A8 /* AppDelegate.swift */ = {isa = PBXFileReference; lastKnownFileType = sourcecode.swift; path = AppDelegate.swift; sourceTree = "<group>"; };
		22F91CB7272EF4DD000924A8 /* TabbarController.swift */ = {isa = PBXFileReference; lastKnownFileType = sourcecode.swift; path = TabbarController.swift; sourceTree = "<group>"; };
		22F91CBA272EF4DD000924A8 /* Base */ = {isa = PBXFileReference; lastKnownFileType = file.storyboard; name = Base; path = Base.lproj/Main.storyboard; sourceTree = "<group>"; };
		22F91CBC272EF4E1000924A8 /* Assets.xcassets */ = {isa = PBXFileReference; lastKnownFileType = folder.assetcatalog; path = Assets.xcassets; sourceTree = "<group>"; };
		22F91CBF272EF4E1000924A8 /* Base */ = {isa = PBXFileReference; lastKnownFileType = file.storyboard; name = Base; path = Base.lproj/LaunchScreen.storyboard; sourceTree = "<group>"; };
		22F91CC1272EF4E1000924A8 /* Info.plist */ = {isa = PBXFileReference; lastKnownFileType = text.plist.xml; path = Info.plist; sourceTree = "<group>"; };
		55D2D2A6DE356A44574BF8CF /* Pods-MoveRX.debug.xcconfig */ = {isa = PBXFileReference; includeInIndex = 1; lastKnownFileType = text.xcconfig; name = "Pods-MoveRX.debug.xcconfig"; path = "Target Support Files/Pods-MoveRX/Pods-MoveRX.debug.xcconfig"; sourceTree = "<group>"; };
		A6DD4BFB5EF095D6B4006DAD /* Pods-MoveRX.release.xcconfig */ = {isa = PBXFileReference; includeInIndex = 1; lastKnownFileType = text.xcconfig; name = "Pods-MoveRX.release.xcconfig"; path = "Target Support Files/Pods-MoveRX/Pods-MoveRX.release.xcconfig"; sourceTree = "<group>"; };
		F79E0310F1E0E8290430F197 /* Pods_MoveRX.framework */ = {isa = PBXFileReference; explicitFileType = wrapper.framework; includeInIndex = 0; path = Pods_MoveRX.framework; sourceTree = BUILT_PRODUCTS_DIR; };
/* End PBXFileReference section */

/* Begin PBXFrameworksBuildPhase section */
		22F91CAD272EF4DD000924A8 /* Frameworks */ = {
			isa = PBXFrameworksBuildPhase;
			buildActionMask = 2147483647;
			files = (
				1481542342CC14E69541C9FD /* Pods_MoveRX.framework in Frameworks */,
			);
			runOnlyForDeploymentPostprocessing = 0;
		};
/* End PBXFrameworksBuildPhase section */

/* Begin PBXGroup section */
		2273EEFB2730013700B7111E /* Resources */ = {
			isa = PBXGroup;
			children = (
				2273EEFC2730013F00B7111E /* Fonts */,
			);
			path = Resources;
			sourceTree = "<group>";
		};
		2273EEFC2730013F00B7111E /* Fonts */ = {
			isa = PBXGroup;
			children = (
				2273EEFD2730015E00B7111E /* Proxima Nova Bold.otf */,
			);
			path = Fonts;
			sourceTree = "<group>";
		};
		229BD2FC272FF81800CFDB0E /* Extensions */ = {
			isa = PBXGroup;
			children = (
				229BD2FD272FF82D00CFDB0E /* UIImage.swift */,
				2273EEFF2730017B00B7111E /* UIFont.swift */,
				2273EF01273004F500B7111E /* UIColor.swift */,
			);
			path = Extensions;
			sourceTree = "<group>";
		};
		22F91CA7272EF4DD000924A8 = {
			isa = PBXGroup;
			children = (
				22F91CB2272EF4DD000924A8 /* MoveRX */,
				22F91CB1272EF4DD000924A8 /* Products */,
				7A1BF76E3296FDBA0AF66F85 /* Pods */,
				A39F6C2AB81E5EC06633CB0C /* Frameworks */,
				22BA9FBF2730387C007C7007 /* MoveRx.podspec */,
			);
			sourceTree = "<group>";
		};
		22F91CB1272EF4DD000924A8 /* Products */ = {
			isa = PBXGroup;
			children = (
				22F91CB0272EF4DD000924A8 /* MoveRX.app */,
			);
			name = Products;
			sourceTree = "<group>";
		};
		22F91CB2272EF4DD000924A8 /* MoveRX */ = {
			isa = PBXGroup;
			children = (
				2273EEFB2730013700B7111E /* Resources */,
				229BD2FC272FF81800CFDB0E /* Extensions */,
				22F91CB3272EF4DD000924A8 /* AppDelegate.swift */,
				22F91CB7272EF4DD000924A8 /* TabbarController.swift */,
				22050DE527304B580040B29D /* MoveRx.swift */,
				22F91CB9272EF4DD000924A8 /* Main.storyboard */,
				22F91CBC272EF4E1000924A8 /* Assets.xcassets */,
				22F91CBE272EF4E1000924A8 /* LaunchScreen.storyboard */,
				22F91CC1272EF4E1000924A8 /* Info.plist */,
			);
			path = MoveRX;
			sourceTree = "<group>";
		};
		7A1BF76E3296FDBA0AF66F85 /* Pods */ = {
			isa = PBXGroup;
			children = (
				55D2D2A6DE356A44574BF8CF /* Pods-MoveRX.debug.xcconfig */,
				A6DD4BFB5EF095D6B4006DAD /* Pods-MoveRX.release.xcconfig */,
			);
			path = Pods;
			sourceTree = "<group>";
		};
		A39F6C2AB81E5EC06633CB0C /* Frameworks */ = {
			isa = PBXGroup;
			children = (
				F79E0310F1E0E8290430F197 /* Pods_MoveRX.framework */,
			);
			name = Frameworks;
			sourceTree = "<group>";
		};
/* End PBXGroup section */

/* Begin PBXNativeTarget section */
		22F91CAF272EF4DD000924A8 /* MoveRX */ = {
			isa = PBXNativeTarget;
			buildConfigurationList = 22F91CC4272EF4E1000924A8 /* Build configuration list for PBXNativeTarget "MoveRX" */;
			buildPhases = (
				F082BD26E19A04370B4D0B44 /* [CP] Check Pods Manifest.lock */,
				22F91CAC272EF4DD000924A8 /* Sources */,
				22F91CAD272EF4DD000924A8 /* Frameworks */,
				22F91CAE272EF4DD000924A8 /* Resources */,
				51BF809BC27D0149F06ABB4B /* [CP] Embed Pods Frameworks */,
			);
			buildRules = (
			);
			dependencies = (
			);
			name = MoveRX;
			productName = MoveRX;
			productReference = 22F91CB0272EF4DD000924A8 /* MoveRX.app */;
			productType = "com.apple.product-type.application";
		};
/* End PBXNativeTarget section */

/* Begin PBXProject section */
		22F91CA8272EF4DD000924A8 /* Project object */ = {
			isa = PBXProject;
			attributes = {
				BuildIndependentTargetsInParallel = 1;
				LastSwiftUpdateCheck = 1310;
				LastUpgradeCheck = 1310;
				TargetAttributes = {
					22F91CAF272EF4DD000924A8 = {
						CreatedOnToolsVersion = 13.1;
					};
				};
			};
			buildConfigurationList = 22F91CAB272EF4DD000924A8 /* Build configuration list for PBXProject "MoveRX" */;
			compatibilityVersion = "Xcode 13.0";
			developmentRegion = en;
			hasScannedForEncodings = 0;
			knownRegions = (
				en,
				Base,
			);
			mainGroup = 22F91CA7272EF4DD000924A8;
			productRefGroup = 22F91CB1272EF4DD000924A8 /* Products */;
			projectDirPath = "";
			projectRoot = "";
			targets = (
				22F91CAF272EF4DD000924A8 /* MoveRX */,
			);
		};
/* End PBXProject section */

/* Begin PBXResourcesBuildPhase section */
		22F91CAE272EF4DD000924A8 /* Resources */ = {
			isa = PBXResourcesBuildPhase;
			buildActionMask = 2147483647;
			files = (
				22F91CC0272EF4E1000924A8 /* LaunchScreen.storyboard in Resources */,
				2273EEFE2730015E00B7111E /* Proxima Nova Bold.otf in Resources */,
				22F91CBD272EF4E1000924A8 /* Assets.xcassets in Resources */,
				22F91CBB272EF4DD000924A8 /* Main.storyboard in Resources */,
			);
			runOnlyForDeploymentPostprocessing = 0;
		};
/* End PBXResourcesBuildPhase section */

/* Begin PBXShellScriptBuildPhase section */
		51BF809BC27D0149F06ABB4B /* [CP] Embed Pods Frameworks */ = {
			isa = PBXShellScriptBuildPhase;
			buildActionMask = 2147483647;
			files = (
			);
			inputFileListPaths = (
				"${PODS_ROOT}/Target Support Files/Pods-MoveRX/Pods-MoveRX-frameworks-${CONFIGURATION}-input-files.xcfilelist",
			);
			name = "[CP] Embed Pods Frameworks";
			outputFileListPaths = (
				"${PODS_ROOT}/Target Support Files/Pods-MoveRX/Pods-MoveRX-frameworks-${CONFIGURATION}-output-files.xcfilelist",
			);
			runOnlyForDeploymentPostprocessing = 0;
			shellPath = /bin/sh;
			shellScript = "\"${PODS_ROOT}/Target Support Files/Pods-MoveRX/Pods-MoveRX-frameworks.sh\"\n";
			showEnvVarsInLog = 0;
		};
		F082BD26E19A04370B4D0B44 /* [CP] Check Pods Manifest.lock */ = {
			isa = PBXShellScriptBuildPhase;
			buildActionMask = 2147483647;
			files = (
			);
			inputFileListPaths = (
			);
			inputPaths = (
				"${PODS_PODFILE_DIR_PATH}/Podfile.lock",
				"${PODS_ROOT}/Manifest.lock",
			);
			name = "[CP] Check Pods Manifest.lock";
			outputFileListPaths = (
			);
			outputPaths = (
				"$(DERIVED_FILE_DIR)/Pods-MoveRX-checkManifestLockResult.txt",
			);
			runOnlyForDeploymentPostprocessing = 0;
			shellPath = /bin/sh;
			shellScript = "diff \"${PODS_PODFILE_DIR_PATH}/Podfile.lock\" \"${PODS_ROOT}/Manifest.lock\" > /dev/null\nif [ $? != 0 ] ; then\n    # print error to STDERR\n    echo \"error: The sandbox is not in sync with the Podfile.lock. Run 'pod install' or update your CocoaPods installation.\" >&2\n    exit 1\nfi\n# This output is used by Xcode 'outputs' to avoid re-running this script phase.\necho \"SUCCESS\" > \"${SCRIPT_OUTPUT_FILE_0}\"\n";
			showEnvVarsInLog = 0;
		};
/* End PBXShellScriptBuildPhase section */

/* Begin PBXSourcesBuildPhase section */
		22F91CAC272EF4DD000924A8 /* Sources */ = {
			isa = PBXSourcesBuildPhase;
			buildActionMask = 2147483647;
			files = (
				22F91CB8272EF4DD000924A8 /* TabbarController.swift in Sources */,
				2273EF02273004F500B7111E /* UIColor.swift in Sources */,
				22050DE627304B580040B29D /* MoveRx.swift in Sources */,
				22F91CB4272EF4DD000924A8 /* AppDelegate.swift in Sources */,
				229BD2FE272FF82D00CFDB0E /* UIImage.swift in Sources */,
				2273EF002730017B00B7111E /* UIFont.swift in Sources */,
			);
			runOnlyForDeploymentPostprocessing = 0;
		};
/* End PBXSourcesBuildPhase section */

/* Begin PBXVariantGroup section */
		22F91CB9272EF4DD000924A8 /* Main.storyboard */ = {
			isa = PBXVariantGroup;
			children = (
				22F91CBA272EF4DD000924A8 /* Base */,
			);
			name = Main.storyboard;
			sourceTree = "<group>";
		};
		22F91CBE272EF4E1000924A8 /* LaunchScreen.storyboard */ = {
			isa = PBXVariantGroup;
			children = (
				22F91CBF272EF4E1000924A8 /* Base */,
			);
			name = LaunchScreen.storyboard;
			sourceTree = "<group>";
		};
/* End PBXVariantGroup section */

/* Begin XCBuildConfiguration section */
		22F91CC2272EF4E1000924A8 /* Debug */ = {
			isa = XCBuildConfiguration;
			buildSettings = {
				ALWAYS_SEARCH_USER_PATHS = NO;
				CLANG_ANALYZER_NONNULL = YES;
				CLANG_ANALYZER_NUMBER_OBJECT_CONVERSION = YES_AGGRESSIVE;
				CLANG_CXX_LANGUAGE_STANDARD = "gnu++17";
				CLANG_CXX_LIBRARY = "libc++";
				CLANG_ENABLE_MODULES = YES;
				CLANG_ENABLE_OBJC_ARC = YES;
				CLANG_ENABLE_OBJC_WEAK = YES;
				CLANG_WARN_BLOCK_CAPTURE_AUTORELEASING = YES;
				CLANG_WARN_BOOL_CONVERSION = YES;
				CLANG_WARN_COMMA = YES;
				CLANG_WARN_CONSTANT_CONVERSION = YES;
				CLANG_WARN_DEPRECATED_OBJC_IMPLEMENTATIONS = YES;
				CLANG_WARN_DIRECT_OBJC_ISA_USAGE = YES_ERROR;
				CLANG_WARN_DOCUMENTATION_COMMENTS = YES;
				CLANG_WARN_EMPTY_BODY = YES;
				CLANG_WARN_ENUM_CONVERSION = YES;
				CLANG_WARN_INFINITE_RECURSION = YES;
				CLANG_WARN_INT_CONVERSION = YES;
				CLANG_WARN_NON_LITERAL_NULL_CONVERSION = YES;
				CLANG_WARN_OBJC_IMPLICIT_RETAIN_SELF = YES;
				CLANG_WARN_OBJC_LITERAL_CONVERSION = YES;
				CLANG_WARN_OBJC_ROOT_CLASS = YES_ERROR;
				CLANG_WARN_QUOTED_INCLUDE_IN_FRAMEWORK_HEADER = YES;
				CLANG_WARN_RANGE_LOOP_ANALYSIS = YES;
				CLANG_WARN_STRICT_PROTOTYPES = YES;
				CLANG_WARN_SUSPICIOUS_MOVE = YES;
				CLANG_WARN_UNGUARDED_AVAILABILITY = YES_AGGRESSIVE;
				CLANG_WARN_UNREACHABLE_CODE = YES;
				CLANG_WARN__DUPLICATE_METHOD_MATCH = YES;
				COPY_PHASE_STRIP = NO;
				DEBUG_INFORMATION_FORMAT = dwarf;
				ENABLE_STRICT_OBJC_MSGSEND = YES;
				ENABLE_TESTABILITY = YES;
				GCC_C_LANGUAGE_STANDARD = gnu11;
				GCC_DYNAMIC_NO_PIC = NO;
				GCC_NO_COMMON_BLOCKS = YES;
				GCC_OPTIMIZATION_LEVEL = 0;
				GCC_PREPROCESSOR_DEFINITIONS = (
					"DEBUG=1",
					"$(inherited)",
				);
				GCC_WARN_64_TO_32_BIT_CONVERSION = YES;
				GCC_WARN_ABOUT_RETURN_TYPE = YES_ERROR;
				GCC_WARN_UNDECLARED_SELECTOR = YES;
				GCC_WARN_UNINITIALIZED_AUTOS = YES_AGGRESSIVE;
				GCC_WARN_UNUSED_FUNCTION = YES;
				GCC_WARN_UNUSED_VARIABLE = YES;
				IPHONEOS_DEPLOYMENT_TARGET = 15.0;
				MTL_ENABLE_DEBUG_INFO = INCLUDE_SOURCE;
				MTL_FAST_MATH = YES;
				ONLY_ACTIVE_ARCH = YES;
				SDKROOT = iphoneos;
				SWIFT_ACTIVE_COMPILATION_CONDITIONS = DEBUG;
				SWIFT_OPTIMIZATION_LEVEL = "-Onone";
			};
			name = Debug;
		};
		22F91CC3272EF4E1000924A8 /* Release */ = {
			isa = XCBuildConfiguration;
			buildSettings = {
				ALWAYS_SEARCH_USER_PATHS = NO;
				CLANG_ANALYZER_NONNULL = YES;
				CLANG_ANALYZER_NUMBER_OBJECT_CONVERSION = YES_AGGRESSIVE;
				CLANG_CXX_LANGUAGE_STANDARD = "gnu++17";
				CLANG_CXX_LIBRARY = "libc++";
				CLANG_ENABLE_MODULES = YES;
				CLANG_ENABLE_OBJC_ARC = YES;
				CLANG_ENABLE_OBJC_WEAK = YES;
				CLANG_WARN_BLOCK_CAPTURE_AUTORELEASING = YES;
				CLANG_WARN_BOOL_CONVERSION = YES;
				CLANG_WARN_COMMA = YES;
				CLANG_WARN_CONSTANT_CONVERSION = YES;
				CLANG_WARN_DEPRECATED_OBJC_IMPLEMENTATIONS = YES;
				CLANG_WARN_DIRECT_OBJC_ISA_USAGE = YES_ERROR;
				CLANG_WARN_DOCUMENTATION_COMMENTS = YES;
				CLANG_WARN_EMPTY_BODY = YES;
				CLANG_WARN_ENUM_CONVERSION = YES;
				CLANG_WARN_INFINITE_RECURSION = YES;
				CLANG_WARN_INT_CONVERSION = YES;
				CLANG_WARN_NON_LITERAL_NULL_CONVERSION = YES;
				CLANG_WARN_OBJC_IMPLICIT_RETAIN_SELF = YES;
				CLANG_WARN_OBJC_LITERAL_CONVERSION = YES;
				CLANG_WARN_OBJC_ROOT_CLASS = YES_ERROR;
				CLANG_WARN_QUOTED_INCLUDE_IN_FRAMEWORK_HEADER = YES;
				CLANG_WARN_RANGE_LOOP_ANALYSIS = YES;
				CLANG_WARN_STRICT_PROTOTYPES = YES;
				CLANG_WARN_SUSPICIOUS_MOVE = YES;
				CLANG_WARN_UNGUARDED_AVAILABILITY = YES_AGGRESSIVE;
				CLANG_WARN_UNREACHABLE_CODE = YES;
				CLANG_WARN__DUPLICATE_METHOD_MATCH = YES;
				COPY_PHASE_STRIP = NO;
				DEBUG_INFORMATION_FORMAT = "dwarf-with-dsym";
				ENABLE_NS_ASSERTIONS = NO;
				ENABLE_STRICT_OBJC_MSGSEND = YES;
				GCC_C_LANGUAGE_STANDARD = gnu11;
				GCC_NO_COMMON_BLOCKS = YES;
				GCC_WARN_64_TO_32_BIT_CONVERSION = YES;
				GCC_WARN_ABOUT_RETURN_TYPE = YES_ERROR;
				GCC_WARN_UNDECLARED_SELECTOR = YES;
				GCC_WARN_UNINITIALIZED_AUTOS = YES_AGGRESSIVE;
				GCC_WARN_UNUSED_FUNCTION = YES;
				GCC_WARN_UNUSED_VARIABLE = YES;
				IPHONEOS_DEPLOYMENT_TARGET = 15.0;
				MTL_ENABLE_DEBUG_INFO = NO;
				MTL_FAST_MATH = YES;
				SDKROOT = iphoneos;
				SWIFT_COMPILATION_MODE = wholemodule;
				SWIFT_OPTIMIZATION_LEVEL = "-O";
				VALIDATE_PRODUCT = YES;
			};
			name = Release;
		};
		22F91CC5272EF4E1000924A8 /* Debug */ = {
			isa = XCBuildConfiguration;
			baseConfigurationReference = 55D2D2A6DE356A44574BF8CF /* Pods-MoveRX.debug.xcconfig */;
			buildSettings = {
				ASSETCATALOG_COMPILER_APPICON_NAME = AppIcon;
				ASSETCATALOG_COMPILER_GLOBAL_ACCENT_COLOR_NAME = AccentColor;
				CODE_SIGN_STYLE = Automatic;
				CURRENT_PROJECT_VERSION = 100;
				DEVELOPMENT_TEAM = 7Q65US49K6;
				GENERATE_INFOPLIST_FILE = YES;
				INFOPLIST_FILE = MoveRX/Info.plist;
				INFOPLIST_KEY_UIApplicationSupportsIndirectInputEvents = YES;
				INFOPLIST_KEY_UILaunchStoryboardName = LaunchScreen;
				INFOPLIST_KEY_UIMainStoryboardFile = Main;
				INFOPLIST_KEY_UISupportedInterfaceOrientations_iPad = "UIInterfaceOrientationPortrait UIInterfaceOrientationPortraitUpsideDown UIInterfaceOrientationLandscapeLeft UIInterfaceOrientationLandscapeRight";
				INFOPLIST_KEY_UISupportedInterfaceOrientations_iPhone = "UIInterfaceOrientationPortrait UIInterfaceOrientationLandscapeLeft UIInterfaceOrientationLandscapeRight";
				IPHONEOS_DEPLOYMENT_TARGET = 12.0;
				LD_RUNPATH_SEARCH_PATHS = (
					"$(inherited)",
					"@executable_path/Frameworks",
				);
				MARKETING_VERSION = 1.0.0;
				PRODUCT_BUNDLE_IDENTIFIER = com.hoangta.MoveRX;
				PRODUCT_NAME = "$(TARGET_NAME)";
				SWIFT_EMIT_LOC_STRINGS = YES;
				SWIFT_VERSION = 5.0;
				TARGETED_DEVICE_FAMILY = "1,2";
			};
			name = Debug;
		};
		22F91CC6272EF4E1000924A8 /* Release */ = {
			isa = XCBuildConfiguration;
			baseConfigurationReference = A6DD4BFB5EF095D6B4006DAD /* Pods-MoveRX.release.xcconfig */;
			buildSettings = {
				ASSETCATALOG_COMPILER_APPICON_NAME = AppIcon;
				ASSETCATALOG_COMPILER_GLOBAL_ACCENT_COLOR_NAME = AccentColor;
				CODE_SIGN_STYLE = Automatic;
				CURRENT_PROJECT_VERSION = 100;
				DEVELOPMENT_TEAM = 7Q65US49K6;
				GENERATE_INFOPLIST_FILE = YES;
				INFOPLIST_FILE = MoveRX/Info.plist;
				INFOPLIST_KEY_UIApplicationSupportsIndirectInputEvents = YES;
				INFOPLIST_KEY_UILaunchStoryboardName = LaunchScreen;
				INFOPLIST_KEY_UIMainStoryboardFile = Main;
				INFOPLIST_KEY_UISupportedInterfaceOrientations_iPad = "UIInterfaceOrientationPortrait UIInterfaceOrientationPortraitUpsideDown UIInterfaceOrientationLandscapeLeft UIInterfaceOrientationLandscapeRight";
				INFOPLIST_KEY_UISupportedInterfaceOrientations_iPhone = "UIInterfaceOrientationPortrait UIInterfaceOrientationLandscapeLeft UIInterfaceOrientationLandscapeRight";
				IPHONEOS_DEPLOYMENT_TARGET = 12.0;
				LD_RUNPATH_SEARCH_PATHS = (
					"$(inherited)",
					"@executable_path/Frameworks",
				);
				MARKETING_VERSION = 1.0.0;
				PRODUCT_BUNDLE_IDENTIFIER = com.hoangta.MoveRX;
				PRODUCT_NAME = "$(TARGET_NAME)";
				SWIFT_EMIT_LOC_STRINGS = YES;
				SWIFT_VERSION = 5.0;
				TARGETED_DEVICE_FAMILY = "1,2";
			};
			name = Release;
		};
/* End XCBuildConfiguration section */

/* Begin XCConfigurationList section */
		22F91CAB272EF4DD000924A8 /* Build configuration list for PBXProject "MoveRX" */ = {
			isa = XCConfigurationList;
			buildConfigurations = (
				22F91CC2272EF4E1000924A8 /* Debug */,
				22F91CC3272EF4E1000924A8 /* Release */,
			);
			defaultConfigurationIsVisible = 0;
			defaultConfigurationName = Release;
		};
		22F91CC4272EF4E1000924A8 /* Build configuration list for PBXNativeTarget "MoveRX" */ = {
			isa = XCConfigurationList;
			buildConfigurations = (
				22F91CC5272EF4E1000924A8 /* Debug */,
				22F91CC6272EF4E1000924A8 /* Release */,
			);
			defaultConfigurationIsVisible = 0;
			defaultConfigurationName = Release;
		};
/* End XCConfigurationList section */
	};
	rootObject = 22F91CA8272EF4DD000924A8 /* Project object */;
}
